
Microsoft Visual Studio Solution File, Format Version 12.00
# Visual Studio Version 17
VisualStudioVersion = 17.0.31903.59
MinimumVisualStudioVersion = 10.0.40219.1
Project("{FAE04EC0-301F-11D3-BF4B-00C04F79EFBC}") = "SchoolRegister.Web", "SchoolRegister.Web\SchoolRegister.Web.csproj", "{2E4BF361-B4DB-4D60-B671-9FBEF47BBD27}"
EndProject
Project("{FAE04EC0-301F-11D3-BF4B-00C04F79EFBC}") = "SchoolRegister.Model", "SchoolRegister.Model\SchoolRegister.Model.csproj", "{22CEE3FD-B035-4D51-8F31-F4078F02D039}"
EndProject
Project("{FAE04EC0-301F-11D3-BF4B-00C04F79EFBC}") = "SchoolRegister.DAL", "SchoolRegister.DAL\SchoolRegister.DAL.csproj", "{3495CBD3-52E9-492B-847B-475EF41C6053}"
EndProject
Project("{FAE04EC0-301F-11D3-BF4B-00C04F79EFBC}") = "SchoolRegister.Services", "SchoolRegister.Services\SchoolRegister.Services.csproj", "{38EC3DA1-AAAD-4F94-A4B2-B5CBF095C5E1}"
EndProject
Project("{FAE04EC0-301F-11D3-BF4B-00C04F79EFBC}") = "SchoolRegister.ViewModels", "SchoolRegister.ViewModels\SchoolRegister.ViewModels.csproj", "{0B11847E-15EE-4BC3-9A4B-4DB8247FB49F}"
EndProject
Project("{FAE04EC0-301F-11D3-BF4B-00C04F79EFBC}") = "SchoolRegister.Tests", "SchoolRegister.Tests\SchoolRegister.Tests.csproj", "{FD4035C8-8650-405C-9A60-AC5C72B8BB74}"
EndProject
Global
	GlobalSection(SolutionConfigurationPlatforms) = preSolution
		Debug|Any CPU = Debug|Any CPU
		Debug|x64 = Debug|x64
		Debug|x86 = Debug|x86
		Release|Any CPU = Release|Any CPU
		Release|x64 = Release|x64
		Release|x86 = Release|x86
	EndGlobalSection
	GlobalSection(ProjectConfigurationPlatforms) = postSolution
		{2E4BF361-B4DB-4D60-B671-9FBEF47BBD27}.Debug|Any CPU.ActiveCfg = Debug|Any CPU
		{2E4BF361-B4DB-4D60-B671-9FBEF47BBD27}.Debug|Any CPU.Build.0 = Debug|Any CPU
		{2E4BF361-B4DB-4D60-B671-9FBEF47BBD27}.Debug|x64.ActiveCfg = Debug|Any CPU
		{2E4BF361-B4DB-4D60-B671-9FBEF47BBD27}.Debug|x64.Build.0 = Debug|Any CPU
		{2E4BF361-B4DB-4D60-B671-9FBEF47BBD27}.Debug|x86.ActiveCfg = Debug|Any CPU
		{2E4BF361-B4DB-4D60-B671-9FBEF47BBD27}.Debug|x86.Build.0 = Debug|Any CPU
		{2E4BF361-B4DB-4D60-B671-9FBEF47BBD27}.Release|Any CPU.ActiveCfg = Release|Any CPU
		{2E4BF361-B4DB-4D60-B671-9FBEF47BBD27}.Release|Any CPU.Build.0 = Release|Any CPU
		{2E4BF361-B4DB-4D60-B671-9FBEF47BBD27}.Release|x64.ActiveCfg = Release|Any CPU
		{2E4BF361-B4DB-4D60-B671-9FBEF47BBD27}.Release|x64.Build.0 = Release|Any CPU
		{2E4BF361-B4DB-4D60-B671-9FBEF47BBD27}.Release|x86.ActiveCfg = Release|Any CPU
		{2E4BF361-B4DB-4D60-B671-9FBEF47BBD27}.Release|x86.Build.0 = Release|Any CPU
		{22CEE3FD-B035-4D51-8F31-F4078F02D039}.Debug|Any CPU.ActiveCfg = Debug|Any CPU
		{22CEE3FD-B035-4D51-8F31-F4078F02D039}.Debug|Any CPU.Build.0 = Debug|Any CPU
		{22CEE3FD-B035-4D51-8F31-F4078F02D039}.Debug|x64.ActiveCfg = Debug|Any CPU
		{22CEE3FD-B035-4D51-8F31-F4078F02D039}.Debug|x64.Build.0 = Debug|Any CPU
		{22CEE3FD-B035-4D51-8F31-F4078F02D039}.Debug|x86.ActiveCfg = Debug|Any CPU
		{22CEE3FD-B035-4D51-8F31-F4078F02D039}.Debug|x86.Build.0 = Debug|Any CPU
		{22CEE3FD-B035-4D51-8F31-F4078F02D039}.Release|Any CPU.ActiveCfg = Release|Any CPU
		{22CEE3FD-B035-4D51-8F31-F4078F02D039}.Release|Any CPU.Build.0 = Release|Any CPU
		{22CEE3FD-B035-4D51-8F31-F4078F02D039}.Release|x64.ActiveCfg = Release|Any CPU
		{22CEE3FD-B035-4D51-8F31-F4078F02D039}.Release|x64.Build.0 = Release|Any CPU
		{22CEE3FD-B035-4D51-8F31-F4078F02D039}.Release|x86.ActiveCfg = Release|Any CPU
		{22CEE3FD-B035-4D51-8F31-F4078F02D039}.Release|x86.Build.0 = Release|Any CPU
		{3495CBD3-52E9-492B-847B-475EF41C6053}.Debug|Any CPU.ActiveCfg = Debug|Any CPU
		{3495CBD3-52E9-492B-847B-475EF41C6053}.Debug|Any CPU.Build.0 = Debug|Any CPU
		{3495CBD3-52E9-492B-847B-475EF41C6053}.Debug|x64.ActiveCfg = Debug|Any CPU
		{3495CBD3-52E9-492B-847B-475EF41C6053}.Debug|x64.Build.0 = Debug|Any CPU
		{3495CBD3-52E9-492B-847B-475EF41C6053}.Debug|x86.ActiveCfg = Debug|Any CPU
		{3495CBD3-52E9-492B-847B-475EF41C6053}.Debug|x86.Build.0 = Debug|Any CPU
		{3495CBD3-52E9-492B-847B-475EF41C6053}.Release|Any CPU.ActiveCfg = Release|Any CPU
		{3495CBD3-52E9-492B-847B-475EF41C6053}.Release|Any CPU.Build.0 = Release|Any CPU
		{3495CBD3-52E9-492B-847B-475EF41C6053}.Release|x64.ActiveCfg = Release|Any CPU
		{3495CBD3-52E9-492B-847B-475EF41C6053}.Release|x64.Build.0 = Release|Any CPU
		{3495CBD3-52E9-492B-847B-475EF41C6053}.Release|x86.ActiveCfg = Release|Any CPU
		{3495CBD3-52E9-492B-847B-475EF41C6053}.Release|x86.Build.0 = Release|Any CPU
		{38EC3DA1-AAAD-4F94-A4B2-B5CBF095C5E1}.Debug|Any CPU.ActiveCfg = Debug|Any CPU
		{38EC3DA1-AAAD-4F94-A4B2-B5CBF095C5E1}.Debug|Any CPU.Build.0 = Debug|Any CPU
		{38EC3DA1-AAAD-4F94-A4B2-B5CBF095C5E1}.Debug|x64.ActiveCfg = Debug|Any CPU
		{38EC3DA1-AAAD-4F94-A4B2-B5CBF095C5E1}.Debug|x64.Build.0 = Debug|Any CPU
		{38EC3DA1-AAAD-4F94-A4B2-B5CBF095C5E1}.Debug|x86.ActiveCfg = Debug|Any CPU
		{38EC3DA1-AAAD-4F94-A4B2-B5CBF095C5E1}.Debug|x86.Build.0 = Debug|Any CPU
		{38EC3DA1-AAAD-4F94-A4B2-B5CBF095C5E1}.Release|Any CPU.ActiveCfg = Release|Any CPU
		{38EC3DA1-AAAD-4F94-A4B2-B5CBF095C5E1}.Release|Any CPU.Build.0 = Release|Any CPU
		{38EC3DA1-AAAD-4F94-A4B2-B5CBF095C5E1}.Release|x64.ActiveCfg = Release|Any CPU
		{38EC3DA1-AAAD-4F94-A4B2-B5CBF095C5E1}.Release|x64.Build.0 = Release|Any CPU
		{38EC3DA1-AAAD-4F94-A4B2-B5CBF095C5E1}.Release|x86.ActiveCfg = Release|Any CPU
		{38EC3DA1-AAAD-4F94-A4B2-B5CBF095C5E1}.Release|x86.Build.0 = Release|Any CPU
		{0B11847E-15EE-4BC3-9A4B-4DB8247FB49F}.Debug|Any CPU.ActiveCfg = Debug|Any CPU
		{0B11847E-15EE-4BC3-9A4B-4DB8247FB49F}.Debug|Any CPU.Build.0 = Debug|Any CPU
		{0B11847E-15EE-4BC3-9A4B-4DB8247FB49F}.Debug|x64.ActiveCfg = Debug|Any CPU
		{0B11847E-15EE-4BC3-9A4B-4DB8247FB49F}.Debug|x64.Build.0 = Debug|Any CPU
		{0B11847E-15EE-4BC3-9A4B-4DB8247FB49F}.Debug|x86.ActiveCfg = Debug|Any CPU
		{0B11847E-15EE-4BC3-9A4B-4DB8247FB49F}.Debug|x86.Build.0 = Debug|Any CPU
		{0B11847E-15EE-4BC3-9A4B-4DB8247FB49F}.Release|Any CPU.ActiveCfg = Release|Any CPU
		{0B11847E-15EE-4BC3-9A4B-4DB8247FB49F}.Release|Any CPU.Build.0 = Release|Any CPU
		{0B11847E-15EE-4BC3-9A4B-4DB8247FB49F}.Release|x64.ActiveCfg = Release|Any CPU
		{0B11847E-15EE-4BC3-9A4B-4DB8247FB49F}.Release|x64.Build.0 = Release|Any CPU
		{0B11847E-15EE-4BC3-9A4B-4DB8247FB49F}.Release|x86.ActiveCfg = Release|Any CPU
		{0B11847E-15EE-4BC3-9A4B-4DB8247FB49F}.Release|x86.Build.0 = Release|Any CPU
		{FD4035C8-8650-405C-9A60-AC5C72B8BB74}.Debug|Any CPU.ActiveCfg = Debug|Any CPU
		{FD4035C8-8650-405C-9A60-AC5C72B8BB74}.Debug|Any CPU.Build.0 = Debug|Any CPU
		{FD4035C8-8650-405C-9A60-AC5C72B8BB74}.Debug|x64.ActiveCfg = Debug|Any CPU
		{FD4035C8-8650-405C-9A60-AC5C72B8BB74}.Debug|x64.Build.0 = Debug|Any CPU
		{FD4035C8-8650-405C-9A60-AC5C72B8BB74}.Debug|x86.ActiveCfg = Debug|Any CPU
		{FD4035C8-8650-405C-9A60-AC5C72B8BB74}.Debug|x86.Build.0 = Debug|Any CPU
		{FD4035C8-8650-405C-9A60-AC5C72B8BB74}.Release|Any CPU.ActiveCfg = Release|Any CPU
		{FD4035C8-8650-405C-9A60-AC5C72B8BB74}.Release|Any CPU.Build.0 = Release|Any CPU
		{FD4035C8-8650-405C-9A60-AC5C72B8BB74}.Release|x64.ActiveCfg = Release|Any CPU
		{FD4035C8-8650-405C-9A60-AC5C72B8BB74}.Release|x64.Build.0 = Release|Any CPU
		{FD4035C8-8650-405C-9A60-AC5C72B8BB74}.Release|x86.ActiveCfg = Release|Any CPU
		{FD4035C8-8650-405C-9A60-AC5C72B8BB74}.Release|x86.Build.0 = Release|Any CPU
	EndGlobalSection
	GlobalSection(SolutionProperties) = preSolution
		HideSolutionNode = FALSE
	EndGlobalSection
EndGlobal
